
Microsoft Visual Studio Solution File, Format Version 12.00
# Visual Studio Version 17
VisualStudioVersion = 17.7.34031.279
MinimumVisualStudioVersion = 10.0.40219.1
Project("{9A19103F-16F7-4668-BE54-9A1E7A4F7556}") = "WebUser", "WebUser\WebUser.csproj", "{8BD0D8A4-3CB5-4BB8-8119-9F9093FF4EEB}"
EndProject
Project("{FAE04EC0-301F-11D3-BF4B-00C04F79EFBC}") = "Test", "Test\Test.csproj", "{956573EF-5BD7-4B97-84FE-E5AB85764CF4}"
EndProject
Global
	GlobalSection(SolutionConfigurationPlatforms) = preSolution
		Debug|Any CPU = Debug|Any CPU
		Release|Any CPU = Release|Any CPU
	EndGlobalSection
	GlobalSection(ProjectConfigurationPlatforms) = postSolution
		{8BD0D8A4-3CB5-4BB8-8119-9F9093FF4EEB}.Debug|Any CPU.ActiveCfg = Debug|Any CPU
		{8BD0D8A4-3CB5-4BB8-8119-9F9093FF4EEB}.Debug|Any CPU.Build.0 = Debug|Any CPU
		{8BD0D8A4-3CB5-4BB8-8119-9F9093FF4EEB}.Release|Any CPU.ActiveCfg = Release|Any CPU
		{8BD0D8A4-3CB5-4BB8-8119-9F9093FF4EEB}.Release|Any CPU.Build.0 = Release|Any CPU
		{956573EF-5BD7-4B97-84FE-E5AB85764CF4}.Debug|Any CPU.ActiveCfg = Debug|Any CPU
		{956573EF-5BD7-4B97-84FE-E5AB85764CF4}.Debug|Any CPU.Build.0 = Debug|Any CPU
		{956573EF-5BD7-4B97-84FE-E5AB85764CF4}.Release|Any CPU.ActiveCfg = Release|Any CPU
		{956573EF-5BD7-4B97-84FE-E5AB85764CF4}.Release|Any CPU.Build.0 = Release|Any CPU
	EndGlobalSection
	GlobalSection(SolutionProperties) = preSolution
		HideSolutionNode = FALSE
	EndGlobalSection
	GlobalSection(ExtensibilityGlobals) = postSolution
		SolutionGuid = {F89E9694-5CC5-47C0-A1C9-F1ACDF36EF59}
	EndGlobalSection
EndGlobal
